
Microsoft Visual Studio Solution File, Format Version 12.00
# Visual Studio Version 17
VisualStudioVersion = 17.9.34723.18
MinimumVisualStudioVersion = 10.0.40219.1
Project("{8BC9CEB8-8B4A-11D0-8D11-00A0C91BC942}") = "escape_prison", "escape_prison\escape_prison.vcxproj", "{C6619EB7-2FC1-4A59-B628-DBB6E5D8E9E2}"
EndProject
Global
	GlobalSection(SolutionConfigurationPlatforms) = preSolution
		Debug|x64 = Debug|x64
		Debug|x86 = Debug|x86
		Release|x64 = Release|x64
		Release|x86 = Release|x86
	EndGlobalSection
	GlobalSection(ProjectConfigurationPlatforms) = postSolution
		{C6619EB7-2FC1-4A59-B628-DBB6E5D8E9E2}.Debug|x64.ActiveCfg = Debug|x64
		{C6619EB7-2FC1-4A59-B628-DBB6E5D8E9E2}.Debug|x64.Build.0 = Debug|x64
		{C6619EB7-2FC1-4A59-B628-DBB6E5D8E9E2}.Debug|x86.ActiveCfg = Debug|Win32
		{C6619EB7-2FC1-4A59-B628-DBB6E5D8E9E2}.Debug|x86.Build.0 = Debug|Win32
		{C6619EB7-2FC1-4A59-B628-DBB6E5D8E9E2}.Release|x64.ActiveCfg = Release|x64
		{C6619EB7-2FC1-4A59-B628-DBB6E5D8E9E2}.Release|x64.Build.0 = Release|x64
		{C6619EB7-2FC1-4A59-B628-DBB6E5D8E9E2}.Release|x86.ActiveCfg = Release|Win32
		{C6619EB7-2FC1-4A59-B628-DBB6E5D8E9E2}.Release|x86.Build.0 = Release|Win32
	EndGlobalSection
	GlobalSection(SolutionProperties) = preSolution
		HideSolutionNode = FALSE
	EndGlobalSection
	GlobalSection(ExtensibilityGlobals) = postSolution
		SolutionGuid = {8894A837-F149-4BE4-9097-D61BC5163892}
	EndGlobalSection
EndGlobal
